<Solution>
  <Folder Name="/Application/">
    <Project Path="AethericForge.Web/AethericForge.Web.csproj" />
    <Project Path="parallel-you/ParallelYou.Abstractions/ParallelYou.Abstractions.csproj" />
    <Project Path="parallel-you/ParallelYou.Models/ParallelYou.Models.csproj" />
    <Project Path="parallel-you/ParallelYou.Services/ParallelYou.Services.csproj" />
    <Project Path="parallel-you/ParallelYou.Web/ParallelYou.Web.csproj" />
  </Folder>
  <Folder Name="/Runtime/">
    <Project Path="runtime/src/Abstractions/Interfaces/AethericForge.Runtime.Abstractions.Interfaces/AethericForge.Runtime.Abstractions.Interfaces.csproj" />
    <Project Path="runtime/src/Institutions/AethericForge.Runtime.Institutions.Abstractions/AethericForge.Runtime.Institutions.Abstractions.csproj" />
    <Project Path="runtime/src/Institutions/AethericForge.Runtime.Institutions.Archive/AethericForge.Runtime.Institutions.Archive.csproj" />
    <Project Path="runtime/src/Institutions/AethericForge.Runtime.Institutions.Campus/AethericForge.Runtime.Institutions.Campus.csproj" />
    <Project Path="runtime/src/Institutions/AethericForge.Runtime.Institutions.Library/AethericForge.Runtime.Institutions.Library.csproj" />
    <Project Path="runtime/src/Institutions/AethericForge.Runtime.Institutions.PostOffice/AethericForge.Runtime.Institutions.PostOffice.csproj" />
    <Project Path="runtime/src/Institutions/AethericForge.Runtime.Institutions.Registry/AethericForge.Runtime.Institutions.Registry.csproj" />
    <Project Path="runtime/src/Institutions/AethericForge.Runtime.Institutions.Workbench/AethericForge.Runtime.Institutions.Workbench.csproj" />
    <Project Path="runtime/src/Models/AethericForge.Runtime.Models/AethericForge.Runtime.Models.csproj" />
    <Project Path="runtime/src/Providers/AethericForge.Runtime.Providers.Archive.InMemory/AethericForge.Runtime.Providers.Archive.InMemory.csproj" />
    <Project Path="runtime/src/Providers/AethericForge.Runtime.Providers.Archive.MongoDb/AethericForge.Runtime.Providers.Archive.MongoDb.csproj" />
    <Project Path="runtime/src/Providers/AethericForge.Runtime.Providers.Archive.S3/AethericForge.Runtime.Providers.Archive.S3.csproj" />
    <Project Path="runtime/src/Providers/AethericForge.Runtime.Providers.Identity.InMemory/AethericForge.Runtime.Providers.Identity.InMemory.csproj" />
    <Project Path="runtime/src/Providers/AethericForge.Runtime.Providers.Identity.Keycloak/AethericForge.Runtime.Providers.Identity.Keycloak.csproj" />
    <Project Path="runtime/src/Providers/AethericForge.Runtime.Providers.Knowledge.InMemory/AethericForge.Runtime.Providers.Knowledge.InMemory.csproj" />
    <Project Path="runtime/src/Providers/AethericForge.Runtime.Providers.Knowledge.MongoDb/AethericForge.Runtime.Providers.Knowledge.MongoDb.csproj" />
    <Project Path="runtime/src/Providers/AethericForge.Runtime.Providers.Post.InMemory/AethericForge.Runtime.Providers.Post.InMemory.csproj" />
    <Project Path="runtime/src/Providers/AethericForge.Runtime.Providers.Post.RabbitMq/AethericForge.Runtime.Providers.Post.RabbitMq.csproj" />
    <Project Path="runtime/src/Providers/AethericForge.Runtime.Providers.Staging.InMemory/AethericForge.Runtime.Providers.Staging.InMemory.csproj" />
    <Project Path="runtime/src/Providers/AethericForge.Runtime.Providers.Staging.Redis/AethericForge.Runtime.Providers.Staging.Redis.csproj" />
    <Project Path="runtime/src/Services/AethericForge.Runtime.Services.Archive/AethericForge.Runtime.Services.Archive.csproj" />
    <Project Path="runtime/src/Services/AethericForge.Runtime.Services.Identity/AethericForge.Runtime.Services.Identity.csproj" />
    <Project Path="runtime/src/Services/AethericForge.Runtime.Services.Knowledge/AethericForge.Runtime.Services.Knowledge.csproj" />
    <Project Path="runtime/src/Services/AethericForge.Runtime.Services.Library/AethericForge.Runtime.Services.Library.csproj" />
    <Project Path="runtime/src/Services/AethericForge.Runtime.Services.Post/AethericForge.Runtime.Services.Post.csproj" />
    <Project Path="runtime/src/Services/AethericForge.Runtime.Services.Registry/AethericForge.Runtime.Services.Registry.csproj" />
    <Project Path="runtime/src/Services/AethericForge.Runtime.Services.Staging/AethericForge.Runtime.Services.Staging.csproj" />
    <Project Path="runtime/src/Services/AethericForge.Runtime.Services.Workbench/AethericForge.Runtime.Services.Workbench.csproj" />
    <Project Path="runtime/src/Tests/AethericForge.Runtime.Tests/AethericForge.Runtime.Tests.csproj" />
  </Folder>
</Solution>
